
Microsoft Visual Studio Solution File, Format Version 12.00
Project("{FAE04EC0-301F-11D3-BF4B-00C04F79EFBC}") = "Lab3", "Lab3\Lab3.csproj", "{4E158027-3B57-4526-BF43-CAA00C0AB626}"
EndProject
Global
	GlobalSection(SolutionConfigurationPlatforms) = preSolution
		Debug|Any CPU = Debug|Any CPU
		Release|Any CPU = Release|Any CPU
	EndGlobalSection
	GlobalSection(ProjectConfigurationPlatforms) = postSolution
		{4E158027-3B57-4526-BF43-CAA00C0AB626}.Debug|Any CPU.ActiveCfg = Debug|Any CPU
		{4E158027-3B57-4526-BF43-CAA00C0AB626}.Debug|Any CPU.Build.0 = Debug|Any CPU
		{4E158027-3B57-4526-BF43-CAA00C0AB626}.Release|Any CPU.ActiveCfg = Release|Any CPU
		{4E158027-3B57-4526-BF43-CAA00C0AB626}.Release|Any CPU.Build.0 = Release|Any CPU
	EndGlobalSection
EndGlobal
